
Microsoft Visual Studio Solution File, Format Version 12.00
# Visual Studio 15
VisualStudioVersion = 15.0.28307.645
MinimumVisualStudioVersion = 10.0.40219.1
Project("{9A19103F-16F7-4668-BE54-9A1E7A4F7556}") = "PeopleSearch", "PeopleSearch\PeopleSearch.csproj", "{ACFFDDB6-AEA4-4FA1-A9F9-062D6049A36D}"
EndProject
Project("{2150E333-8FDC-42A3-9474-1A3956D46DE8}") = "Solution Items", "Solution Items", "{343212D6-9722-46F9-BF5A-025404093BE2}"
	ProjectSection(SolutionItems) = preProject
		README.md = README.md
	EndProjectSection
EndProject
Project("{9A19103F-16F7-4668-BE54-9A1E7A4F7556}") = "PeopleSearch.Business", "PeopleSearch.Business\PeopleSearch.Business.csproj", "{5DF9BB04-621E-4C78-BDBE-35329176853D}"
EndProject
Project("{9A19103F-16F7-4668-BE54-9A1E7A4F7556}") = "PeopleSearch.Persistence", "PeopleSearch.Persistence\PeopleSearch.Persistence.csproj", "{223908FA-D181-430B-95AC-B106B8791ECD}"
EndProject
Project("{9A19103F-16F7-4668-BE54-9A1E7A4F7556}") = "PeopleSearch.IoC.Configuration", "PeopleSearch.IoC.Configuration\PeopleSearch.IoC.Configuration.csproj", "{9A12E161-426F-4616-BC09-5A51391FAB14}"
EndProject
Project("{2150E333-8FDC-42A3-9474-1A3956D46DE8}") = "Tests", "Tests", "{F95F78EE-3773-4EEB-B497-474FFC78FBAE}"
EndProject
Project("{FAE04EC0-301F-11D3-BF4B-00C04F79EFBC}") = "PeopleSearch.Persistence.Tests", "PeopleSearch.Persistence.Tests\PeopleSearch.Persistence.Tests.csproj", "{2A99911D-0D8D-46D7-BDB9-2CA38038E676}"
EndProject
Project("{FAE04EC0-301F-11D3-BF4B-00C04F79EFBC}") = "PeopleSearch.Business.Tests", "PeopleSearch.Business.Tests\PeopleSearch.Business.Tests.csproj", "{7A803E8D-0B83-422D-802A-943C04DE2C7E}"
EndProject
Project("{FAE04EC0-301F-11D3-BF4B-00C04F79EFBC}") = "PeopleSearch.Tests", "PeopleSearch.Tests\PeopleSearch.Tests.csproj", "{F5D2FD45-D027-4B7B-BFC4-C9058B1B99B3}"
EndProject
Global
	GlobalSection(SolutionConfigurationPlatforms) = preSolution
		Debug|Any CPU = Debug|Any CPU
		Release|Any CPU = Release|Any CPU
	EndGlobalSection
	GlobalSection(ProjectConfigurationPlatforms) = postSolution
		{ACFFDDB6-AEA4-4FA1-A9F9-062D6049A36D}.Debug|Any CPU.ActiveCfg = Debug|Any CPU
		{ACFFDDB6-AEA4-4FA1-A9F9-062D6049A36D}.Debug|Any CPU.Build.0 = Debug|Any CPU
		{ACFFDDB6-AEA4-4FA1-A9F9-062D6049A36D}.Release|Any CPU.ActiveCfg = Release|Any CPU
		{ACFFDDB6-AEA4-4FA1-A9F9-062D6049A36D}.Release|Any CPU.Build.0 = Release|Any CPU
		{5DF9BB04-621E-4C78-BDBE-35329176853D}.Debug|Any CPU.ActiveCfg = Debug|Any CPU
		{5DF9BB04-621E-4C78-BDBE-35329176853D}.Debug|Any CPU.Build.0 = Debug|Any CPU
		{5DF9BB04-621E-4C78-BDBE-35329176853D}.Release|Any CPU.ActiveCfg = Release|Any CPU
		{5DF9BB04-621E-4C78-BDBE-35329176853D}.Release|Any CPU.Build.0 = Release|Any CPU
		{223908FA-D181-430B-95AC-B106B8791ECD}.Debug|Any CPU.ActiveCfg = Debug|Any CPU
		{223908FA-D181-430B-95AC-B106B8791ECD}.Debug|Any CPU.Build.0 = Debug|Any CPU
		{223908FA-D181-430B-95AC-B106B8791ECD}.Release|Any CPU.ActiveCfg = Release|Any CPU
		{223908FA-D181-430B-95AC-B106B8791ECD}.Release|Any CPU.Build.0 = Release|Any CPU
		{9A12E161-426F-4616-BC09-5A51391FAB14}.Debug|Any CPU.ActiveCfg = Debug|Any CPU
		{9A12E161-426F-4616-BC09-5A51391FAB14}.Debug|Any CPU.Build.0 = Debug|Any CPU
		{9A12E161-426F-4616-BC09-5A51391FAB14}.Release|Any CPU.ActiveCfg = Release|Any CPU
		{9A12E161-426F-4616-BC09-5A51391FAB14}.Release|Any CPU.Build.0 = Release|Any CPU
		{2A99911D-0D8D-46D7-BDB9-2CA38038E676}.Debug|Any CPU.ActiveCfg = Debug|Any CPU
		{2A99911D-0D8D-46D7-BDB9-2CA38038E676}.Debug|Any CPU.Build.0 = Debug|Any CPU
		{2A99911D-0D8D-46D7-BDB9-2CA38038E676}.Release|Any CPU.ActiveCfg = Release|Any CPU
		{2A99911D-0D8D-46D7-BDB9-2CA38038E676}.Release|Any CPU.Build.0 = Release|Any CPU
		{7A803E8D-0B83-422D-802A-943C04DE2C7E}.Debug|Any CPU.ActiveCfg = Debug|Any CPU
		{7A803E8D-0B83-422D-802A-943C04DE2C7E}.Debug|Any CPU.Build.0 = Debug|Any CPU
		{7A803E8D-0B83-422D-802A-943C04DE2C7E}.Release|Any CPU.ActiveCfg = Release|Any CPU
		{7A803E8D-0B83-422D-802A-943C04DE2C7E}.Release|Any CPU.Build.0 = Release|Any CPU
		{F5D2FD45-D027-4B7B-BFC4-C9058B1B99B3}.Debug|Any CPU.ActiveCfg = Debug|Any CPU
		{F5D2FD45-D027-4B7B-BFC4-C9058B1B99B3}.Debug|Any CPU.Build.0 = Debug|Any CPU
		{F5D2FD45-D027-4B7B-BFC4-C9058B1B99B3}.Release|Any CPU.ActiveCfg = Release|Any CPU
		{F5D2FD45-D027-4B7B-BFC4-C9058B1B99B3}.Release|Any CPU.Build.0 = Release|Any CPU
	EndGlobalSection
	GlobalSection(SolutionProperties) = preSolution
		HideSolutionNode = FALSE
	EndGlobalSection
	GlobalSection(NestedProjects) = preSolution
		{2A99911D-0D8D-46D7-BDB9-2CA38038E676} = {F95F78EE-3773-4EEB-B497-474FFC78FBAE}
		{7A803E8D-0B83-422D-802A-943C04DE2C7E} = {F95F78EE-3773-4EEB-B497-474FFC78FBAE}
		{F5D2FD45-D027-4B7B-BFC4-C9058B1B99B3} = {F95F78EE-3773-4EEB-B497-474FFC78FBAE}
	EndGlobalSection
	GlobalSection(ExtensibilityGlobals) = postSolution
		SolutionGuid = {870F4C56-C971-40BA-8154-2032ADC9D3C8}
	EndGlobalSection
EndGlobal
